
Microsoft Visual Studio Solution File, Format Version 12.00
# Visual Studio Version 17
VisualStudioVersion = 17.0.31903.59
MinimumVisualStudioVersion = 10.0.40219.1
Project("{2150E333-8FDC-42A3-9474-1A3956D46DE8}") = "src", "src", "{AE900A63-51C1-49EE-85E1-BDF0472E367F}"
EndProject
Project("{2150E333-8FDC-42A3-9474-1A3956D46DE8}") = "gateway", "gateway", "{E0669E6E-CA1E-4B69-BDC8-9EFBD0F1F265}"
EndProject
Project("{FAE04EC0-301F-11D3-BF4B-00C04F79EFBC}") = "Gateway.Api", "src\gateway\Gateway.Api\Gateway.Api.csproj", "{27BA0D8D-2DA1-4239-8F24-CD4E1546A753}"
EndProject
Project("{2150E333-8FDC-42A3-9474-1A3956D46DE8}") = "services", "services", "{E325623A-F082-4E6B-A221-9E842FEAD174}"
EndProject
Project("{2150E333-8FDC-42A3-9474-1A3956D46DE8}") = "Auth", "Auth", "{6D4DC135-52D7-4903-97A6-F137D4EF6AEC}"
EndProject
Project("{FAE04EC0-301F-11D3-BF4B-00C04F79EFBC}") = "Auth.Api", "src\services\Auth\Auth.Api\Auth.Api.csproj", "{8FF4DD48-65D6-443C-83DF-341F007D1673}"
EndProject
Project("{FAE04EC0-301F-11D3-BF4B-00C04F79EFBC}") = "Auth.Application", "src\services\Auth\Auth.Application\Auth.Application.csproj", "{BED24A3F-42A6-4904-9D61-BE01031CC57C}"
EndProject
Project("{FAE04EC0-301F-11D3-BF4B-00C04F79EFBC}") = "Auth.Contracts", "src\services\Auth\Auth.Contracts\Auth.Contracts.csproj", "{E8DB5123-2EC8-4433-9377-B6CD82D30BF1}"
EndProject
Project("{FAE04EC0-301F-11D3-BF4B-00C04F79EFBC}") = "Auth.Domain", "src\services\Auth\Auth.Domain\Auth.Domain.csproj", "{5766729C-237F-473D-9F10-59BFD7268D25}"
EndProject
Project("{FAE04EC0-301F-11D3-BF4B-00C04F79EFBC}") = "Auth.Infrastructure", "src\services\Auth\Auth.Infrastructure\Auth.Infrastructure.csproj", "{50A56C4A-9AFE-4D23-BA6B-8F56FC8F8B65}"
EndProject
Project("{2150E333-8FDC-42A3-9474-1A3956D46DE8}") = "Deal", "Deal", "{2FC112B8-BE62-4F8D-963A-5FC0D2F4AF5A}"
EndProject
Project("{FAE04EC0-301F-11D3-BF4B-00C04F79EFBC}") = "Deal.Api", "src\services\Deal\Deal.Api\Deal.Api.csproj", "{CA5D9EAF-2EE6-4838-A8C0-AFC1FA377889}"
EndProject
Project("{FAE04EC0-301F-11D3-BF4B-00C04F79EFBC}") = "Deal.Application", "src\services\Deal\Deal.Application\Deal.Application.csproj", "{CFE5EDF3-4260-450B-AB8A-3E780D6F0225}"
EndProject
Project("{FAE04EC0-301F-11D3-BF4B-00C04F79EFBC}") = "Deal.Contracts", "src\services\Deal\Deal.Contracts\Deal.Contracts.csproj", "{93701053-68A8-4DC0-994D-7F05ECC816E1}"
EndProject
Project("{FAE04EC0-301F-11D3-BF4B-00C04F79EFBC}") = "Deal.Domain", "src\services\Deal\Deal.Domain\Deal.Domain.csproj", "{5CA72F04-BF1B-4A99-B617-6CB0FCE4467D}"
EndProject
Project("{FAE04EC0-301F-11D3-BF4B-00C04F79EFBC}") = "Deal.Infrastructure", "src\services\Deal\Deal.Infrastructure\Deal.Infrastructure.csproj", "{E81F9B7B-DAB4-4AAD-8DAD-65D159BEA860}"
EndProject
Project("{2150E333-8FDC-42A3-9474-1A3956D46DE8}") = "Payment", "Payment", "{A610C1C7-B696-4E71-84A5-29A121317297}"
EndProject
Project("{FAE04EC0-301F-11D3-BF4B-00C04F79EFBC}") = "Payment.Api", "src\services\Payment\Payment.Api\Payment.Api.csproj", "{725CF4F3-AAC1-4E16-ADE8-82744B9BF395}"
EndProject
Project("{FAE04EC0-301F-11D3-BF4B-00C04F79EFBC}") = "Payment.Application", "src\services\Payment\Payment.Application\Payment.Application.csproj", "{FD5E042D-52D4-44DC-97A8-A5F759A149F0}"
EndProject
Project("{FAE04EC0-301F-11D3-BF4B-00C04F79EFBC}") = "Payment.Domain", "src\services\Payment\Payment.Domain\Payment.Domain.csproj", "{611F0D7E-47B9-4AC4-9DAA-3528B8A5E59D}"
EndProject
Project("{FAE04EC0-301F-11D3-BF4B-00C04F79EFBC}") = "Payment.Infrastructure", "src\services\Payment\Payment.Infrastructure\Payment.Infrastructure.csproj", "{93318273-31C5-4C47-804F-33FE2B6F2E23}"
EndProject
Project("{FAE04EC0-301F-11D3-BF4B-00C04F79EFBC}") = "Payment.Contracts", "src\services\Payment\Payment.Contracts\Payment.Contracts.csproj", "{BA593EE2-7FBE-4E3A-9757-7C55D04E4191}"
EndProject
Global
	GlobalSection(SolutionConfigurationPlatforms) = preSolution
		Debug|Any CPU = Debug|Any CPU
		Release|Any CPU = Release|Any CPU
	EndGlobalSection
	GlobalSection(SolutionProperties) = preSolution
		HideSolutionNode = FALSE
	EndGlobalSection
	GlobalSection(ProjectConfigurationPlatforms) = postSolution
		{27BA0D8D-2DA1-4239-8F24-CD4E1546A753}.Debug|Any CPU.ActiveCfg = Debug|Any CPU
		{27BA0D8D-2DA1-4239-8F24-CD4E1546A753}.Debug|Any CPU.Build.0 = Debug|Any CPU
		{27BA0D8D-2DA1-4239-8F24-CD4E1546A753}.Release|Any CPU.ActiveCfg = Release|Any CPU
		{27BA0D8D-2DA1-4239-8F24-CD4E1546A753}.Release|Any CPU.Build.0 = Release|Any CPU
		{8FF4DD48-65D6-443C-83DF-341F007D1673}.Debug|Any CPU.ActiveCfg = Debug|Any CPU
		{8FF4DD48-65D6-443C-83DF-341F007D1673}.Debug|Any CPU.Build.0 = Debug|Any CPU
		{8FF4DD48-65D6-443C-83DF-341F007D1673}.Release|Any CPU.ActiveCfg = Release|Any CPU
		{8FF4DD48-65D6-443C-83DF-341F007D1673}.Release|Any CPU.Build.0 = Release|Any CPU
		{BED24A3F-42A6-4904-9D61-BE01031CC57C}.Debug|Any CPU.ActiveCfg = Debug|Any CPU
		{BED24A3F-42A6-4904-9D61-BE01031CC57C}.Debug|Any CPU.Build.0 = Debug|Any CPU
		{BED24A3F-42A6-4904-9D61-BE01031CC57C}.Release|Any CPU.ActiveCfg = Release|Any CPU
		{BED24A3F-42A6-4904-9D61-BE01031CC57C}.Release|Any CPU.Build.0 = Release|Any CPU
		{E8DB5123-2EC8-4433-9377-B6CD82D30BF1}.Debug|Any CPU.ActiveCfg = Debug|Any CPU
		{E8DB5123-2EC8-4433-9377-B6CD82D30BF1}.Debug|Any CPU.Build.0 = Debug|Any CPU
		{E8DB5123-2EC8-4433-9377-B6CD82D30BF1}.Release|Any CPU.ActiveCfg = Release|Any CPU
		{E8DB5123-2EC8-4433-9377-B6CD82D30BF1}.Release|Any CPU.Build.0 = Release|Any CPU
		{5766729C-237F-473D-9F10-59BFD7268D25}.Debug|Any CPU.ActiveCfg = Debug|Any CPU
		{5766729C-237F-473D-9F10-59BFD7268D25}.Debug|Any CPU.Build.0 = Debug|Any CPU
		{5766729C-237F-473D-9F10-59BFD7268D25}.Release|Any CPU.ActiveCfg = Release|Any CPU
		{5766729C-237F-473D-9F10-59BFD7268D25}.Release|Any CPU.Build.0 = Release|Any CPU
		{50A56C4A-9AFE-4D23-BA6B-8F56FC8F8B65}.Debug|Any CPU.ActiveCfg = Debug|Any CPU
		{50A56C4A-9AFE-4D23-BA6B-8F56FC8F8B65}.Debug|Any CPU.Build.0 = Debug|Any CPU
		{50A56C4A-9AFE-4D23-BA6B-8F56FC8F8B65}.Release|Any CPU.ActiveCfg = Release|Any CPU
		{50A56C4A-9AFE-4D23-BA6B-8F56FC8F8B65}.Release|Any CPU.Build.0 = Release|Any CPU
		{CA5D9EAF-2EE6-4838-A8C0-AFC1FA377889}.Debug|Any CPU.ActiveCfg = Debug|Any CPU
		{CA5D9EAF-2EE6-4838-A8C0-AFC1FA377889}.Debug|Any CPU.Build.0 = Debug|Any CPU
		{CA5D9EAF-2EE6-4838-A8C0-AFC1FA377889}.Release|Any CPU.ActiveCfg = Release|Any CPU
		{CA5D9EAF-2EE6-4838-A8C0-AFC1FA377889}.Release|Any CPU.Build.0 = Release|Any CPU
		{CFE5EDF3-4260-450B-AB8A-3E780D6F0225}.Debug|Any CPU.ActiveCfg = Debug|Any CPU
		{CFE5EDF3-4260-450B-AB8A-3E780D6F0225}.Debug|Any CPU.Build.0 = Debug|Any CPU
		{CFE5EDF3-4260-450B-AB8A-3E780D6F0225}.Release|Any CPU.ActiveCfg = Release|Any CPU
		{CFE5EDF3-4260-450B-AB8A-3E780D6F0225}.Release|Any CPU.Build.0 = Release|Any CPU
		{93701053-68A8-4DC0-994D-7F05ECC816E1}.Debug|Any CPU.ActiveCfg = Debug|Any CPU
		{93701053-68A8-4DC0-994D-7F05ECC816E1}.Debug|Any CPU.Build.0 = Debug|Any CPU
		{93701053-68A8-4DC0-994D-7F05ECC816E1}.Release|Any CPU.ActiveCfg = Release|Any CPU
		{93701053-68A8-4DC0-994D-7F05ECC816E1}.Release|Any CPU.Build.0 = Release|Any CPU
		{5CA72F04-BF1B-4A99-B617-6CB0FCE4467D}.Debug|Any CPU.ActiveCfg = Debug|Any CPU
		{5CA72F04-BF1B-4A99-B617-6CB0FCE4467D}.Debug|Any CPU.Build.0 = Debug|Any CPU
		{5CA72F04-BF1B-4A99-B617-6CB0FCE4467D}.Release|Any CPU.ActiveCfg = Release|Any CPU
		{5CA72F04-BF1B-4A99-B617-6CB0FCE4467D}.Release|Any CPU.Build.0 = Release|Any CPU
		{E81F9B7B-DAB4-4AAD-8DAD-65D159BEA860}.Debug|Any CPU.ActiveCfg = Debug|Any CPU
		{E81F9B7B-DAB4-4AAD-8DAD-65D159BEA860}.Debug|Any CPU.Build.0 = Debug|Any CPU
		{E81F9B7B-DAB4-4AAD-8DAD-65D159BEA860}.Release|Any CPU.ActiveCfg = Release|Any CPU
		{E81F9B7B-DAB4-4AAD-8DAD-65D159BEA860}.Release|Any CPU.Build.0 = Release|Any CPU
		{725CF4F3-AAC1-4E16-ADE8-82744B9BF395}.Debug|Any CPU.ActiveCfg = Debug|Any CPU
		{725CF4F3-AAC1-4E16-ADE8-82744B9BF395}.Debug|Any CPU.Build.0 = Debug|Any CPU
		{725CF4F3-AAC1-4E16-ADE8-82744B9BF395}.Release|Any CPU.ActiveCfg = Release|Any CPU
		{725CF4F3-AAC1-4E16-ADE8-82744B9BF395}.Release|Any CPU.Build.0 = Release|Any CPU
		{FD5E042D-52D4-44DC-97A8-A5F759A149F0}.Debug|Any CPU.ActiveCfg = Debug|Any CPU
		{FD5E042D-52D4-44DC-97A8-A5F759A149F0}.Debug|Any CPU.Build.0 = Debug|Any CPU
		{FD5E042D-52D4-44DC-97A8-A5F759A149F0}.Release|Any CPU.ActiveCfg = Release|Any CPU
		{FD5E042D-52D4-44DC-97A8-A5F759A149F0}.Release|Any CPU.Build.0 = Release|Any CPU
		{611F0D7E-47B9-4AC4-9DAA-3528B8A5E59D}.Debug|Any CPU.ActiveCfg = Debug|Any CPU
		{611F0D7E-47B9-4AC4-9DAA-3528B8A5E59D}.Debug|Any CPU.Build.0 = Debug|Any CPU
		{611F0D7E-47B9-4AC4-9DAA-3528B8A5E59D}.Release|Any CPU.ActiveCfg = Release|Any CPU
		{611F0D7E-47B9-4AC4-9DAA-3528B8A5E59D}.Release|Any CPU.Build.0 = Release|Any CPU
		{93318273-31C5-4C47-804F-33FE2B6F2E23}.Debug|Any CPU.ActiveCfg = Debug|Any CPU
		{93318273-31C5-4C47-804F-33FE2B6F2E23}.Debug|Any CPU.Build.0 = Debug|Any CPU
		{93318273-31C5-4C47-804F-33FE2B6F2E23}.Release|Any CPU.ActiveCfg = Release|Any CPU
		{93318273-31C5-4C47-804F-33FE2B6F2E23}.Release|Any CPU.Build.0 = Release|Any CPU
		{BA593EE2-7FBE-4E3A-9757-7C55D04E4191}.Debug|Any CPU.ActiveCfg = Debug|Any CPU
		{BA593EE2-7FBE-4E3A-9757-7C55D04E4191}.Debug|Any CPU.Build.0 = Debug|Any CPU
		{BA593EE2-7FBE-4E3A-9757-7C55D04E4191}.Release|Any CPU.ActiveCfg = Release|Any CPU
		{BA593EE2-7FBE-4E3A-9757-7C55D04E4191}.Release|Any CPU.Build.0 = Release|Any CPU
	EndGlobalSection
	GlobalSection(NestedProjects) = preSolution
		{E0669E6E-CA1E-4B69-BDC8-9EFBD0F1F265} = {AE900A63-51C1-49EE-85E1-BDF0472E367F}
		{27BA0D8D-2DA1-4239-8F24-CD4E1546A753} = {E0669E6E-CA1E-4B69-BDC8-9EFBD0F1F265}
		{E325623A-F082-4E6B-A221-9E842FEAD174} = {AE900A63-51C1-49EE-85E1-BDF0472E367F}
		{6D4DC135-52D7-4903-97A6-F137D4EF6AEC} = {E325623A-F082-4E6B-A221-9E842FEAD174}
		{8FF4DD48-65D6-443C-83DF-341F007D1673} = {6D4DC135-52D7-4903-97A6-F137D4EF6AEC}
		{BED24A3F-42A6-4904-9D61-BE01031CC57C} = {6D4DC135-52D7-4903-97A6-F137D4EF6AEC}
		{E8DB5123-2EC8-4433-9377-B6CD82D30BF1} = {6D4DC135-52D7-4903-97A6-F137D4EF6AEC}
		{5766729C-237F-473D-9F10-59BFD7268D25} = {6D4DC135-52D7-4903-97A6-F137D4EF6AEC}
		{50A56C4A-9AFE-4D23-BA6B-8F56FC8F8B65} = {6D4DC135-52D7-4903-97A6-F137D4EF6AEC}
		{2FC112B8-BE62-4F8D-963A-5FC0D2F4AF5A} = {E325623A-F082-4E6B-A221-9E842FEAD174}
		{CA5D9EAF-2EE6-4838-A8C0-AFC1FA377889} = {2FC112B8-BE62-4F8D-963A-5FC0D2F4AF5A}
		{CFE5EDF3-4260-450B-AB8A-3E780D6F0225} = {2FC112B8-BE62-4F8D-963A-5FC0D2F4AF5A}
		{93701053-68A8-4DC0-994D-7F05ECC816E1} = {2FC112B8-BE62-4F8D-963A-5FC0D2F4AF5A}
		{5CA72F04-BF1B-4A99-B617-6CB0FCE4467D} = {2FC112B8-BE62-4F8D-963A-5FC0D2F4AF5A}
		{E81F9B7B-DAB4-4AAD-8DAD-65D159BEA860} = {2FC112B8-BE62-4F8D-963A-5FC0D2F4AF5A}
		{A610C1C7-B696-4E71-84A5-29A121317297} = {E325623A-F082-4E6B-A221-9E842FEAD174}
		{725CF4F3-AAC1-4E16-ADE8-82744B9BF395} = {A610C1C7-B696-4E71-84A5-29A121317297}
		{FD5E042D-52D4-44DC-97A8-A5F759A149F0} = {A610C1C7-B696-4E71-84A5-29A121317297}
		{611F0D7E-47B9-4AC4-9DAA-3528B8A5E59D} = {A610C1C7-B696-4E71-84A5-29A121317297}
		{93318273-31C5-4C47-804F-33FE2B6F2E23} = {A610C1C7-B696-4E71-84A5-29A121317297}
		{BA593EE2-7FBE-4E3A-9757-7C55D04E4191} = {A610C1C7-B696-4E71-84A5-29A121317297}
	EndGlobalSection
EndGlobal
